
Microsoft Visual Studio Solution File, Format Version 12.00
# Visual Studio Version 17
VisualStudioVersion = 17.12.35521.163 d17.12
MinimumVisualStudioVersion = 10.0.40219.1
Project("{FAE04EC0-301F-11D3-BF4B-00C04F79EFBC}") = "Document storage Api", "Document storage Api\Document storage Api.csproj", "{74982AF4-ED81-400A-AD33-78B50C221522}"
EndProject
Project("{FAE04EC0-301F-11D3-BF4B-00C04F79EFBC}") = "DocumentStorageApiTests", "DocumentStorageApiTests\DocumentStorageApiTests.csproj", "{23D96A15-3792-4E70-BC79-52A1D4145428}"
EndProject
Global
	GlobalSection(SolutionConfigurationPlatforms) = preSolution
		Debug|Any CPU = Debug|Any CPU
		Release|Any CPU = Release|Any CPU
	EndGlobalSection
	GlobalSection(ProjectConfigurationPlatforms) = postSolution
		{74982AF4-ED81-400A-AD33-78B50C221522}.Debug|Any CPU.ActiveCfg = Debug|Any CPU
		{74982AF4-ED81-400A-AD33-78B50C221522}.Debug|Any CPU.Build.0 = Debug|Any CPU
		{74982AF4-ED81-400A-AD33-78B50C221522}.Release|Any CPU.ActiveCfg = Release|Any CPU
		{74982AF4-ED81-400A-AD33-78B50C221522}.Release|Any CPU.Build.0 = Release|Any CPU
		{23D96A15-3792-4E70-BC79-52A1D4145428}.Debug|Any CPU.ActiveCfg = Debug|Any CPU
		{23D96A15-3792-4E70-BC79-52A1D4145428}.Debug|Any CPU.Build.0 = Debug|Any CPU
		{23D96A15-3792-4E70-BC79-52A1D4145428}.Release|Any CPU.ActiveCfg = Release|Any CPU
		{23D96A15-3792-4E70-BC79-52A1D4145428}.Release|Any CPU.Build.0 = Release|Any CPU
	EndGlobalSection
	GlobalSection(SolutionProperties) = preSolution
		HideSolutionNode = FALSE
	EndGlobalSection
EndGlobal
